{
 "graph_lock": {
  "nodes": {
   "0": {
    "options": "catch2:default_reporter=None\ncatch2:shared=False\ncatch2:with_prefix=False",
    "requires": [
     "1"
    ],
    "path": "conanfile.txt",
    "context": "host"
   },
   "1": {
    "ref": "catch2/3.1.0",
    "options": "default_reporter=None\nshared=False\nwith_prefix=False",
    "package_id": "5a61a86bb3e07ce4262c80e1510f9c05e9b6d48b",
    "prev": "0",
    "modified": true,
    "context": "host"
   }
  },
  "revisions_enabled": false
 },
 "version": "0.4",
 "profile_host": "[settings]\narch=x86_64\narch_build=x86_64\nbuild_type=Release\ncompiler=Visual Studio\ncompiler.runtime=MD\ncompiler.version=17\nos=Windows\nos_build=Windows\n[options]\n[build_requires]\n[env]\n"
}