Microsoft Visual Studio Solution File, Format Version 12.00
# Visual Studio Version 17
VisualStudioVersion = 17.3.32825.248
MinimumVisualStudioVersion = 10.0.40219.1
Project("{8BC9CEB8-8B4A-11D0-8D11-00A0C91BC942}") = "NAMSC_engine", "NAMSC_engine\NAMSC_engine.vcxproj", "{ABE63227-AF31-45B6-8F48-D1AAD151AB2E}"
EndProject
Project("{8BC9CEB8-8B4A-11D0-8D11-00A0C91BC942}") = "NAMSC_lib", "NAMSC_lib\NAMSC_lib.vcxproj", "{2B6FC3B0-7489-46B3-B077-B4F88DDA2D52}"
EndProject
Project("{8BC9CEB8-8B4A-11D0-8D11-00A0C91BC942}") = "NAMSC_editor", "NAMSC_editor\NAMSC_editor.vcxproj", "{FEA5FE46-9654-43D3-9649-D1CA26065F51}"
EndProject
Project("{8BC9CEB8-8B4A-11D0-8D11-00A0C91BC942}") = "NAMSC_engine_test", "NAMSC_engine_test\NAMSC_engine_test.vcxproj", "{9B002071-3608-43B2-BD97-A23BF93312D1}"
EndProject
Global
	GlobalSection(SolutionConfigurationPlatforms) = preSolution
		Debug|x64 = Debug|x64
		MinSizeRel|x64 = MinSizeRel|x64
		Release|x64 = Release|x64
		RelWithDebInfo|x64 = RelWithDebInfo|x64
	EndGlobalSection
	GlobalSection(ProjectConfigurationPlatforms) = postSolution
		{ABE63227-AF31-45B6-8F48-D1AAD151AB2E}.Debug|x64.ActiveCfg = Debug|x64
		{ABE63227-AF31-45B6-8F48-D1AAD151AB2E}.Debug|x64.Build.0 = Debug|x64
		{ABE63227-AF31-45B6-8F48-D1AAD151AB2E}.MinSizeRel|x64.ActiveCfg = Release|x64
		{ABE63227-AF31-45B6-8F48-D1AAD151AB2E}.MinSizeRel|x64.Build.0 = Release|x64
		{ABE63227-AF31-45B6-8F48-D1AAD151AB2E}.Release|x64.ActiveCfg = Release|x64
		{ABE63227-AF31-45B6-8F48-D1AAD151AB2E}.Release|x64.Build.0 = Release|x64
		{ABE63227-AF31-45B6-8F48-D1AAD151AB2E}.RelWithDebInfo|x64.ActiveCfg = Release|x64
		{ABE63227-AF31-45B6-8F48-D1AAD151AB2E}.RelWithDebInfo|x64.Build.0 = Release|x64
		{2B6FC3B0-7489-46B3-B077-B4F88DDA2D52}.Debug|x64.ActiveCfg = Debug|x64
		{2B6FC3B0-7489-46B3-B077-B4F88DDA2D52}.Debug|x64.Build.0 = Debug|x64
		{2B6FC3B0-7489-46B3-B077-B4F88DDA2D52}.MinSizeRel|x64.ActiveCfg = Release|x64
		{2B6FC3B0-7489-46B3-B077-B4F88DDA2D52}.MinSizeRel|x64.Build.0 = Release|x64
		{2B6FC3B0-7489-46B3-B077-B4F88DDA2D52}.Release|x64.ActiveCfg = Release|x64
		{2B6FC3B0-7489-46B3-B077-B4F88DDA2D52}.Release|x64.Build.0 = Release|x64
		{2B6FC3B0-7489-46B3-B077-B4F88DDA2D52}.RelWithDebInfo|x64.ActiveCfg = Release|x64
		{2B6FC3B0-7489-46B3-B077-B4F88DDA2D52}.RelWithDebInfo|x64.Build.0 = Release|x64
		{FEA5FE46-9654-43D3-9649-D1CA26065F51}.Debug|x64.ActiveCfg = Debug|x64
		{FEA5FE46-9654-43D3-9649-D1CA26065F51}.Debug|x64.Build.0 = Debug|x64
		{FEA5FE46-9654-43D3-9649-D1CA26065F51}.MinSizeRel|x64.ActiveCfg = Release|x64
		{FEA5FE46-9654-43D3-9649-D1CA26065F51}.MinSizeRel|x64.Build.0 = Release|x64
		{FEA5FE46-9654-43D3-9649-D1CA26065F51}.Release|x64.ActiveCfg = Release|x64
		{FEA5FE46-9654-43D3-9649-D1CA26065F51}.Release|x64.Build.0 = Release|x64
		{FEA5FE46-9654-43D3-9649-D1CA26065F51}.RelWithDebInfo|x64.ActiveCfg = Release|x64
		{FEA5FE46-9654-43D3-9649-D1CA26065F51}.RelWithDebInfo|x64.Build.0 = Release|x64
		{9B002071-3608-43B2-BD97-A23BF93312D1}.Debug|x64.ActiveCfg = Debug|x64
		{9B002071-3608-43B2-BD97-A23BF93312D1}.Debug|x64.Build.0 = Debug|x64
		{9B002071-3608-43B2-BD97-A23BF93312D1}.MinSizeRel|x64.ActiveCfg = Debug|x64
		{9B002071-3608-43B2-BD97-A23BF93312D1}.MinSizeRel|x64.Build.0 = Debug|x64
		{9B002071-3608-43B2-BD97-A23BF93312D1}.Release|x64.ActiveCfg = Release|x64
		{9B002071-3608-43B2-BD97-A23BF93312D1}.Release|x64.Build.0 = Release|x64
		{9B002071-3608-43B2-BD97-A23BF93312D1}.RelWithDebInfo|x64.ActiveCfg = Release|x64
		{9B002071-3608-43B2-BD97-A23BF93312D1}.RelWithDebInfo|x64.Build.0 = Release|x64
	EndGlobalSection
	GlobalSection(SolutionProperties) = preSolution
		HideSolutionNode = FALSE
	EndGlobalSection
	GlobalSection(ExtensibilityGlobals) = postSolution
		SolutionGuid = {466EA2CC-93DE-4C2F-9145-0127AD40B7A4}
	EndGlobalSection
EndGlobal
