<?xml version="1.0" encoding="utf-8"?>
<Project ToolsVersion="4.0" xmlns="http://schemas.microsoft.com/developer/msbuild/2003">
  <ItemGroup>
    <Filter Include="Resource Files">
      <UniqueIdentifier>{67DA6AB6-F800-4c08-8B7A-83BB121AAD01}</UniqueIdentifier>
      <Extensions>qrc;rc;ico;cur;bmp;dlg;rc2;rct;bin;rgs;gif;jpg;jpeg;jpe;resx;tiff;tif;png;wav;mfcribbon-ms</Extensions>
    </Filter>
    <Filter Include="Form Files">
      <UniqueIdentifier>{99349809-55BA-4b9d-BF79-8FDBB0286EB3}</UniqueIdentifier>
      <Extensions>ui</Extensions>
    </Filter>
    <Filter Include="Translation Files">
      <UniqueIdentifier>{639EADAA-A684-42e4-A9AD-28FC9BCB8F7C}</UniqueIdentifier>
      <Extensions>ts</Extensions>
    </Filter>
    <Filter Include="Source Files">
      <UniqueIdentifier>{4FC737F1-C7A5-4376-A066-2A32D752A2FF}</UniqueIdentifier>
      <Extensions>qml;cpp;c;cc;cxx;def;odl;idl;hpj;bat;asm;asmx</Extensions>
    </Filter>
    <Filter Include="Source Files\NodeEditor">
      <UniqueIdentifier>{97ce8424-5d3a-4667-97fb-6ee5ed73d7af}</UniqueIdentifier>
    </Filter>
    <Filter Include="Source Files\Properties">
      <UniqueIdentifier>{6c1bd5f6-82ff-4d41-ac77-80da9e04566f}</UniqueIdentifier>
    </Filter>
    <Filter Include="Form Files\Properties">
      <UniqueIdentifier>{e569f6f4-18fc-4e94-af78-1aee40d431c9}</UniqueIdentifier>
    </Filter>
    <Filter Include="Source Files\Properties\Nodes">
      <UniqueIdentifier>{372b0318-a7ee-41c1-a78f-051f3aec6ef7}</UniqueIdentifier>
    </Filter>
    <Filter Include="Source Files\Properties\Objects">
      <UniqueIdentifier>{d2d33ac0-bb7f-42d6-a6d5-cf6a2e790509}</UniqueIdentifier>
    </Filter>
    <Filter Include="Source Files\LeftPanelTabs">
      <UniqueIdentifier>{aa70c8f8-54e3-4dc0-a7ad-47866273870d}</UniqueIdentifier>
    </Filter>
    <Filter Include="Source Files\ProjectConfiguration">
      <UniqueIdentifier>{081c5c1d-ac9c-4f7a-8795-2557741a7622}</UniqueIdentifier>
    </Filter>
    <Filter Include="Header Files">
      <UniqueIdentifier>{93995380-89BD-4b04-88EB-625FBE52EBFB}</UniqueIdentifier>
      <Extensions>h;hh;hpp;hxx;hm;inl;inc;xsd</Extensions>
    </Filter>
    <Filter Include="Header Files\NodeEditor">
      <UniqueIdentifier>{7b9805ac-a932-4e78-8429-5173298d54f1}</UniqueIdentifier>
    </Filter>
    <Filter Include="Header Files\Properties">
      <UniqueIdentifier>{0efd0cf9-16df-4136-9ad6-caad4c89047a}</UniqueIdentifier>
    </Filter>
    <Filter Include="Header Files\Properties\Objects">
      <UniqueIdentifier>{4d9888d1-64ba-4d67-8ae0-fd131c7753d0}</UniqueIdentifier>
    </Filter>
    <Filter Include="Header Files\MarkedForDeletion">
      <UniqueIdentifier>{58311dc6-d5c8-411e-b287-a334623e98c5}</UniqueIdentifier>
    </Filter>
    <Filter Include="Header Files\ProjectConfiguation">
      <UniqueIdentifier>{a817905a-2345-4900-84d6-ee5e4cff091a}</UniqueIdentifier>
    </Filter>
    <Filter Include="Header Files\LeftPanelTabs">
      <UniqueIdentifier>{3fa7f435-2982-467f-b311-fe1280c23344}</UniqueIdentifier>
    </Filter>
    <Filter Include="Header Files\Properties\Events">
      <UniqueIdentifier>{9b33e3c2-fe39-46c5-b098-5d55a0e293cf}</UniqueIdentifier>
    </Filter>
    <Filter Include="Source Files\Properties\Events">
      <UniqueIdentifier>{0a4a2602-6619-4f2b-b587-23d593330682}</UniqueIdentifier>
    </Filter>
    <Filter Include="Header Files\Properties\Objects\Nodes">
      <UniqueIdentifier>{4053e4d8-787b-4de9-a5ff-8edff650563a}</UniqueIdentifier>
    </Filter>
    <Filter Include="Source Files\BottomPanel">
      <UniqueIdentifier>{9eef4be0-9b2f-43be-8683-b0a04db2867a}</UniqueIdentifier>
    </Filter>
    <Filter Include="Header Files\BottomPanel">
      <UniqueIdentifier>{b50801e7-81f9-4b3a-b3dd-7067399dba81}</UniqueIdentifier>
    </Filter>
  </ItemGroup>
  <ItemGroup>
    <QtRcc Include="NAMSC_editor.qrc">
      <Filter>Resource Files</Filter>
    </QtRcc>
    <QtUic Include="NAMSC_editor.ui">
      <Filter>Form Files</Filter>
    </QtUic>
    <QtMoc Include="NAMSC_editor.h">
      <Filter>Header Files</Filter>
    </QtMoc>
    <ClCompile Include="NAMSC_editor.cpp">
      <Filter>Source Files</Filter>
    </ClCompile>
    <None Include="NAMSC_editor.ico">
      <Filter>Resource Files</Filter>
    </None>
    <ResourceCompile Include="NAMSC_editor.rc">
      <Filter>Resource Files</Filter>
    </ResourceCompile>
  </ItemGroup>
  <ItemGroup>
    <ClCompile Include="main.cpp">
      <Filter>Source Files</Filter>
    </ClCompile>
    <ClCompile Include="GraphNodeBody.cpp">
      <Filter>Source Files\NodeEditor</Filter>
    </ClCompile>
    <ClCompile Include="GraphNode.cpp">
      <Filter>Source Files\NodeEditor</Filter>
    </ClCompile>
    <ClCompile Include="GraphConnectionPoint.cpp">
      <Filter>Source Files\NodeEditor</Filter>
    </ClCompile>
    <ClCompile Include="GraphArrow.cpp">
      <Filter>Source Files\NodeEditor</Filter>
    </ClCompile>
    <ClCompile Include="PropertyConnectionSwitchboard.cpp">
      <Filter>Source Files\Properties</Filter>
    </ClCompile>
    <ClCompile Include="SceneryObjectVariant.cpp">
      <Filter>Source Files</Filter>
    </ClCompile>
    <ClCompile Include="GraphView.cpp">
      <Filter>Source Files\NodeEditor</Filter>
    </ClCompile>
    <ClCompile Include="ObjectPropertyPack.cpp">
      <Filter>Source Files\Properties\Objects</Filter>
    </ClCompile>
    <ClCompile Include="SceneryObjectTreeProperties.cpp">
      <Filter>Source Files\Properties\Objects</Filter>
    </ClCompile>
    <ClCompile Include="BasicNodeProperties.cpp">
      <Filter>Source Files\Properties\Nodes</Filter>
    </ClCompile>
    <ClCompile Include="GraphNodePropertiesPack.cpp">
      <Filter>Source Files\Properties\Nodes</Filter>
    </ClCompile>
    <ClCompile Include="AssetTreeView.cpp">
      <Filter>Source Files\LeftPanelTabs</Filter>
    </ClCompile>
    <ClCompile Include="CustomSortFilterProxyModel.cpp">
      <Filter>Source Files\LeftPanelTabs</Filter>
    </ClCompile>
    <ClCompile Include="ObjectsTree.cpp">
      <Filter>Source Files\LeftPanelTabs</Filter>
    </ClCompile>
    <ClCompile Include="ObjectTreeWidgetItem.cpp">
      <Filter>Source Files\LeftPanelTabs</Filter>
    </ClCompile>
    <ClCompile Include="Preview.cpp">
      <Filter>Source Files\LeftPanelTabs</Filter>
    </ClCompile>
    <ClCompile Include="ProjectConfiguration.cpp">
      <Filter>Source Files\ProjectConfiguration</Filter>
    </ClCompile>
    <ClCompile Include="NewProjectDialog.cpp">
      <Filter>Source Files\ProjectConfiguration</Filter>
    </ClCompile>
    <ClCompile Include="ChoiceEventProperties.cpp">
      <Filter>Source Files\Properties\Events</Filter>
    </ClCompile>
    <ClCompile Include="ChoiceEventDialog.cpp">
      <Filter>Source Files\Properties\Events</Filter>
    </ClCompile>
    <ClCompile Include="ChoiceItemModel.cpp">
      <Filter>Source Files\Properties\Events</Filter>
    </ClCompile>
    <ClCompile Include="LineEditDelegate.cpp">
      <Filter>Source Files\Properties</Filter>
    </ClCompile>
    <ClCompile Include="DialogEventProperties.cpp">
      <Filter>Source Files\Properties\Events</Filter>
    </ClCompile>
    <ClCompile Include="DialogItemModel.cpp">
      <Filter>Source Files\Properties\Events</Filter>
    </ClCompile>
    <ClCompile Include="JumpEventProperties.cpp">
      <Filter>Source Files\Properties\Events</Filter>
    </ClCompile>
    <ClCompile Include="CharacterTreeWidgetItem.cpp">
      <Filter>Source Files\LeftPanelTabs</Filter>
    </ClCompile>
    <ClCompile Include="CharacterTree.cpp">
      <Filter>Source Files\LeftPanelTabs</Filter>
    </ClCompile>
    <ClCompile Include="EventTreeItemModel.cpp">
      <Filter>Source Files\BottomPanel</Filter>
    </ClCompile>
    <ClCompile Include="EventTreeItem.cpp">
      <Filter>Source Files\BottomPanel</Filter>
    </ClCompile>
  </ItemGroup>
  <ItemGroup>
    <QtMoc Include="GraphConnectionPoint.h">
      <Filter>Header Files\NodeEditor</Filter>
    </QtMoc>
    <QtMoc Include="GraphNode.h">
      <Filter>Header Files\NodeEditor</Filter>
    </QtMoc>
    <QtMoc Include="PropertyConnectionSwitchboard.h">
      <Filter>Header Files\Properties</Filter>
    </QtMoc>
    <QtMoc Include="GraphView.h">
      <Filter>Header Files\NodeEditor</Filter>
    </QtMoc>
    <QtMoc Include="SceneryObjectTreeProperties.h">
      <Filter>Header Files\Properties\Objects</Filter>
    </QtMoc>
    <QtMoc Include="BasicNodeProperties.h">
      <Filter>Header Files\Properties\Objects\Nodes</Filter>
    </QtMoc>
    <QtMoc Include="ObjectTreeWidgetItem.h">
      <Filter>Header Files\LeftPanelTabs</Filter>
    </QtMoc>
    <QtMoc Include="ObjectsTree.h">
      <Filter>Header Files\LeftPanelTabs</Filter>
    </QtMoc>
    <QtMoc Include="AssetTreeView.h">
      <Filter>Header Files\LeftPanelTabs</Filter>
    </QtMoc>
    <QtMoc Include="Preview.h">
      <Filter>Header Files\LeftPanelTabs</Filter>
    </QtMoc>
    <QtMoc Include="ProjectConfiguration.h">
      <Filter>Header Files\ProjectConfiguation</Filter>
    </QtMoc>
    <QtMoc Include="NewProjectDialog.h">
      <Filter>Header Files\ProjectConfiguation</Filter>
    </QtMoc>
    <QtMoc Include="ChoiceEventProperties.h">
      <Filter>Header Files\Properties\Events</Filter>
    </QtMoc>
    <QtMoc Include="ChoiceEventDialog.h">
      <Filter>Header Files\Properties\Events</Filter>
    </QtMoc>
    <QtMoc Include="ChoiceItemModel.h">
      <Filter>Header Files\Properties\Events</Filter>
    </QtMoc>
    <QtMoc Include="LineEditDelegate.h">
      <Filter>Header Files\Properties</Filter>
    </QtMoc>
    <QtMoc Include="DialogEventProperties.h">
      <Filter>Header Files\Properties\Events</Filter>
    </QtMoc>
    <QtMoc Include="DialogItemModel.h">
      <Filter>Header Files\Properties\Events</Filter>
    </QtMoc>
    <QtMoc Include="JumpEventProperties.h">
      <Filter>Header Files\Properties\Events</Filter>
    </QtMoc>
    <QtMoc Include="CharacterTree.h">
      <Filter>Header Files\LeftPanelTabs</Filter>
    </QtMoc>
    <QtMoc Include="CharacterTreeWidgetItem.h">
      <Filter>Header Files\LeftPanelTabs</Filter>
    </QtMoc>
    <QtMoc Include="EventTreeItemModel.h">
      <Filter>Header Files\BottomPanel</Filter>
    </QtMoc>
  </ItemGroup>
  <ItemGroup>
    <ClInclude Include="GraphNodeBody.h">
      <Filter>Header Files\NodeEditor</Filter>
    </ClInclude>
    <ClInclude Include="GraphArrow.h">
      <Filter>Header Files\NodeEditor</Filter>
    </ClInclude>
    <ClInclude Include="PropertyTypes.h">
      <Filter>Header Files\Properties</Filter>
    </ClInclude>
    <ClInclude Include="SceneryObjectVariant.h">
      <Filter>Header Files</Filter>
    </ClInclude>
    <ClInclude Include="ObjectPropertyPack.h">
      <Filter>Header Files\Properties\Objects</Filter>
    </ClInclude>
    <ClInclude Include="GraphNodePropertiesPack.h">
      <Filter>Header Files\Properties\Objects\Nodes</Filter>
    </ClInclude>
    <ClInclude Include="CollapseButton.h">
      <Filter>Header Files\Properties</Filter>
    </ClInclude>
    <ClInclude Include="CustomSortFilterProxyModel.h">
      <Filter>Header Files\LeftPanelTabs</Filter>
    </ClInclude>
    <ClInclude Include="TreeWidgetItemTypes.h">
      <Filter>Header Files\LeftPanelTabs</Filter>
    </ClInclude>
    <ClInclude Include="EventTreeItem.h">
      <Filter>Header Files\BottomPanel</Filter>
    </ClInclude>
  </ItemGroup>
  <ItemGroup>
    <QtUic Include="BasicNodeProperties.ui">
      <Filter>Form Files\Properties</Filter>
    </QtUic>
    <QtUic Include="NewProjectDialog.ui">
      <Filter>Form Files</Filter>
    </QtUic>
    <QtUic Include="SceneryObjectTreeProperties.ui">
      <Filter>Form Files\Properties</Filter>
    </QtUic>
    <QtUic Include="ChoiceEventProperties.ui">
      <Filter>Form Files\Properties</Filter>
    </QtUic>
    <QtUic Include="ChoiceEventDialog.ui">
      <Filter>Form Files\Properties</Filter>
    </QtUic>
    <QtUic Include="DialogEventProperties.ui">
      <Filter>Form Files\Properties</Filter>
    </QtUic>
    <QtUic Include="JumpEventProperties.ui">
      <Filter>Form Files\Properties</Filter>
    </QtUic>
  </ItemGroup>
  <ItemGroup>
    <Image Include="resources\imageIcon.png">
      <Filter>Resource Files</Filter>
    </Image>
  </ItemGroup>
</Project>