<?xml version="1.0" encoding="utf-8"?>
<Project ToolsVersion="4.0" xmlns="http://schemas.microsoft.com/developer/msbuild/2003">
  <ItemGroup>
    <Filter Include="Source Files">
      <UniqueIdentifier>{4FC737F1-C7A5-4376-A066-2A32D752A2FF}</UniqueIdentifier>
      <Extensions>qml;cpp;c;cc;cxx;def;odl;idl;hpj;bat;asm;asmx</Extensions>
    </Filter>
    <Filter Include="Header Files">
      <UniqueIdentifier>{93995380-89BD-4b04-88EB-625FBE52EBFB}</UniqueIdentifier>
      <Extensions>h;hh;hpp;hxx;hm;inl;inc;xsd</Extensions>
    </Filter>
    <Filter Include="Resource Files">
      <UniqueIdentifier>{67DA6AB6-F800-4c08-8B7A-83BB121AAD01}</UniqueIdentifier>
      <Extensions>qrc;rc;ico;cur;bmp;dlg;rc2;rct;bin;rgs;gif;jpg;jpeg;jpe;resx;tiff;tif;png;wav;mfcribbon-ms</Extensions>
    </Filter>
    <Filter Include="Form Files">
      <UniqueIdentifier>{99349809-55BA-4b9d-BF79-8FDBB0286EB3}</UniqueIdentifier>
      <Extensions>ui</Extensions>
    </Filter>
    <Filter Include="Translation Files">
      <UniqueIdentifier>{639EADAA-A684-42e4-A9AD-28FC9BCB8F7C}</UniqueIdentifier>
      <Extensions>ts</Extensions>
    </Filter>
    <Filter Include="Header Files\Settings">
      <UniqueIdentifier>{35820690-f7a9-4935-8d78-e1f1c85250fe}</UniqueIdentifier>
    </Filter>
    <Filter Include="Header Files\Settings\Settings widgets">
      <UniqueIdentifier>{b743d2d5-66e9-424a-b275-0d41102f97d1}</UniqueIdentifier>
    </Filter>
    <Filter Include="Source Files\Settings">
      <UniqueIdentifier>{17d45445-aa3f-4de9-97e4-3d95b7a954b2}</UniqueIdentifier>
    </Filter>
    <Filter Include="Source Files\Settings\Settings widgets">
      <UniqueIdentifier>{2fa586f6-d824-4e87-b98e-6f3554fa3347}</UniqueIdentifier>
    </Filter>
    <Filter Include="Form Files\Settings widgets">
      <UniqueIdentifier>{86bddd7a-a751-4cc5-b33c-9d820b5b0690}</UniqueIdentifier>
    </Filter>
  </ItemGroup>
  <ItemGroup>
    <QtRcc Include="mainWindow.qrc">
      <Filter>Resource Files</Filter>
    </QtRcc>
    <QtUic Include="mainWindow.ui">
      <Filter>Form Files</Filter>
    </QtUic>
    <QtMoc Include="mainWindow.h">
      <Filter>Header Files</Filter>
    </QtMoc>
    <ClCompile Include="mainWindow.cpp">
      <Filter>Source Files</Filter>
    </ClCompile>
    <None Include="NAMSC_engine.ico">
      <Filter>Resource Files</Filter>
    </None>
    <ResourceCompile Include="NAMSC_engine.rc">
      <Filter>Resource Files</Filter>
    </ResourceCompile>
  </ItemGroup>
  <ItemGroup>
    <ClCompile Include="main.cpp">
      <Filter>Source Files</Filter>
    </ClCompile>
    <ClCompile Include="QVNMenuButton.cpp">
      <Filter>Source Files</Filter>
    </ClCompile>
    <ClCompile Include="MainMenu.cpp">
      <Filter>Source Files</Filter>
    </ClCompile>
    <ClCompile Include="VNButton.cpp">
      <Filter>Source Files</Filter>
    </ClCompile>
    <ClCompile Include="VolumeSettingsWidget.cpp">
      <Filter>Source Files\Settings\Settings widgets</Filter>
    </ClCompile>
    <ClCompile Include="TextSpeedSettingsWidget.cpp">
      <Filter>Source Files\Settings\Settings widgets</Filter>
    </ClCompile>
    <ClCompile Include="MainSettingsMenu.cpp">
      <Filter>Source Files\Settings</Filter>
    </ClCompile>
    <ClCompile Include="ScreenModeSettingsWidget.cpp">
      <Filter>Source Files\Settings\Settings widgets</Filter>
    </ClCompile>
    <ClCompile Include="LanguageSettingsWidget.cpp">
      <Filter>Source Files\Settings\Settings widgets</Filter>
    </ClCompile>
  </ItemGroup>
  <ItemGroup>
    <QtMoc Include="QVNMenuButton.h">
      <Filter>Header Files</Filter>
    </QtMoc>
    <QtMoc Include="MainMenu.h">
      <Filter>Header Files</Filter>
    </QtMoc>
    <QtMoc Include="VNButton.h">
      <Filter>Header Files</Filter>
    </QtMoc>
    <QtMoc Include="VolumeSettingsWidget.h">
      <Filter>Header Files\Settings\Settings widgets</Filter>
    </QtMoc>
    <QtMoc Include="TextSpeedSettingsWidget.h">
      <Filter>Header Files\Settings\Settings widgets</Filter>
    </QtMoc>
    <QtMoc Include="MainSettingsMenu.h">
      <Filter>Header Files\Settings</Filter>
    </QtMoc>
    <QtMoc Include="ScreenModeSettingsWidget.h">
      <Filter>Header Files\Settings\Settings widgets</Filter>
    </QtMoc>
    <QtMoc Include="LanguageSettingsWidget.h">
      <Filter>Header Files\Settings\Settings widgets</Filter>
    </QtMoc>
  </ItemGroup>
  <ItemGroup>
    <QtUic Include="ScreenModeSettingsWidget.ui">
      <Filter>Form Files\Settings widgets</Filter>
    </QtUic>
    <QtUic Include="TextSpeedSettingsWidget.ui">
      <Filter>Form Files\Settings widgets</Filter>
    </QtUic>
    <QtUic Include="VolumeSettingsWidget.ui">
      <Filter>Form Files\Settings widgets</Filter>
    </QtUic>
    <QtUic Include="LanguageSettingsWidget.ui">
      <Filter>Form Files\Settings widgets</Filter>
    </QtUic>
  </ItemGroup>
</Project>